Microsoft Visual Studio Solution File, Format Version 12.00
# Visual Studio Version 16
VisualStudioVersion = 16.0.0.0
MinimumVisualStudioVersion = 16.0.0.0
Project("{9A19103F-16F7-4668-BE54-9A1E7A4F7556}") = "Auto", "Auto\Auto.csproj", "{E5B9A6A6-BFDE-4653-B1F7-11BAF0218B26}"
EndProject
Project("{9A19103F-16F7-4668-BE54-9A1E7A4F7556}") = "Auto.Client", "Auto.Client\Auto.Client.csproj", "{E1B3F549-D184-49E4-BE90-8D1306C714B9}"
EndProject
Global
	GlobalSection(SolutionConfigurationPlatforms) = preSolution
		Debug|Any CPU = Debug|Any CPU
		Debug|x64 = Debug|x64
		Debug|x86 = Debug|x86
		Release|Any CPU = Release|Any CPU
		Release|x64 = Release|x64
		Release|x86 = Release|x86
	EndGlobalSection
	GlobalSection(ProjectConfigurationPlatforms) = postSolution
		{E1B3F549-D184-49E4-BE90-8D1306C714B9}.Debug|Any CPU.ActiveCfg = Debug|Any CPU
		{E1B3F549-D184-49E4-BE90-8D1306C714B9}.Debug|Any CPU.Build.0 = Debug|Any CPU
		{E1B3F549-D184-49E4-BE90-8D1306C714B9}.Debug|x64.ActiveCfg = Debug|Any CPU
		{E1B3F549-D184-49E4-BE90-8D1306C714B9}.Debug|x64.Build.0 = Debug|Any CPU
		{E1B3F549-D184-49E4-BE90-8D1306C714B9}.Debug|x86.ActiveCfg = Debug|Any CPU
		{E1B3F549-D184-49E4-BE90-8D1306C714B9}.Debug|x86.Build.0 = Debug|Any CPU
		{E1B3F549-D184-49E4-BE90-8D1306C714B9}.Release|Any CPU.ActiveCfg = Release|Any CPU
		{E1B3F549-D184-49E4-BE90-8D1306C714B9}.Release|Any CPU.Build.0 = Release|Any CPU
		{E1B3F549-D184-49E4-BE90-8D1306C714B9}.Release|x64.ActiveCfg = Release|Any CPU
		{E1B3F549-D184-49E4-BE90-8D1306C714B9}.Release|x64.Build.0 = Release|Any CPU
		{E1B3F549-D184-49E4-BE90-8D1306C714B9}.Release|x86.ActiveCfg = Release|Any CPU
		{E1B3F549-D184-49E4-BE90-8D1306C714B9}.Release|x86.Build.0 = Release|Any CPU
		{E5B9A6A6-BFDE-4653-B1F7-11BAF0218B26}.Debug|Any CPU.ActiveCfg = Debug|Any CPU
		{E5B9A6A6-BFDE-4653-B1F7-11BAF0218B26}.Debug|Any CPU.Build.0 = Debug|Any CPU
		{E5B9A6A6-BFDE-4653-B1F7-11BAF0218B26}.Debug|x64.ActiveCfg = Debug|Any CPU
		{E5B9A6A6-BFDE-4653-B1F7-11BAF0218B26}.Debug|x64.Build.0 = Debug|Any CPU
		{E5B9A6A6-BFDE-4653-B1F7-11BAF0218B26}.Debug|x86.ActiveCfg = Debug|Any CPU
		{E5B9A6A6-BFDE-4653-B1F7-11BAF0218B26}.Debug|x86.Build.0 = Debug|Any CPU
		{E5B9A6A6-BFDE-4653-B1F7-11BAF0218B26}.Release|Any CPU.ActiveCfg = Release|Any CPU
		{E5B9A6A6-BFDE-4653-B1F7-11BAF0218B26}.Release|Any CPU.Build.0 = Release|Any CPU
		{E5B9A6A6-BFDE-4653-B1F7-11BAF0218B26}.Release|x64.ActiveCfg = Release|Any CPU
		{E5B9A6A6-BFDE-4653-B1F7-11BAF0218B26}.Release|x64.Build.0 = Release|Any CPU
		{E5B9A6A6-BFDE-4653-B1F7-11BAF0218B26}.Release|x86.ActiveCfg = Release|Any CPU
		{E5B9A6A6-BFDE-4653-B1F7-11BAF0218B26}.Release|x86.Build.0 = Release|Any CPU
	EndGlobalSection
	GlobalSection(SolutionProperties) = preSolution
		HideSolutionNode = FALSE
	EndGlobalSection
	GlobalSection(ExtensibilityGlobals) = postSolution
		SolutionGuid = {951F4F0F-E2BF-481D-8AC3-C746E1803E8D}
	EndGlobalSection
EndGlobal
