Microsoft Visual Studio Solution File, Format Version 12.00
# Visual Studio Version 16
VisualStudioVersion = 16.0.0.0
MinimumVisualStudioVersion = 16.0.0.0
Project("{9A19103F-16F7-4668-BE54-9A1E7A4F7556}") = "WebAssembly", "WebAssembly\WebAssembly.csproj", "{2BBD5502-A603-43A1-B5E8-027D79097EED}"
EndProject
Project("{9A19103F-16F7-4668-BE54-9A1E7A4F7556}") = "WebAssembly.Client", "WebAssembly.Client\WebAssembly.Client.csproj", "{DF50A301-86A8-4DE7-9CA4-23B087F5DAE5}"
EndProject
Global
	GlobalSection(SolutionConfigurationPlatforms) = preSolution
		Debug|Any CPU = Debug|Any CPU
		Debug|x64 = Debug|x64
		Debug|x86 = Debug|x86
		Release|Any CPU = Release|Any CPU
		Release|x64 = Release|x64
		Release|x86 = Release|x86
	EndGlobalSection
	GlobalSection(ProjectConfigurationPlatforms) = postSolution
		{DF50A301-86A8-4DE7-9CA4-23B087F5DAE5}.Debug|Any CPU.ActiveCfg = Debug|Any CPU
		{DF50A301-86A8-4DE7-9CA4-23B087F5DAE5}.Debug|Any CPU.Build.0 = Debug|Any CPU
		{DF50A301-86A8-4DE7-9CA4-23B087F5DAE5}.Debug|x64.ActiveCfg = Debug|Any CPU
		{DF50A301-86A8-4DE7-9CA4-23B087F5DAE5}.Debug|x64.Build.0 = Debug|Any CPU
		{DF50A301-86A8-4DE7-9CA4-23B087F5DAE5}.Debug|x86.ActiveCfg = Debug|Any CPU
		{DF50A301-86A8-4DE7-9CA4-23B087F5DAE5}.Debug|x86.Build.0 = Debug|Any CPU
		{DF50A301-86A8-4DE7-9CA4-23B087F5DAE5}.Release|Any CPU.ActiveCfg = Release|Any CPU
		{DF50A301-86A8-4DE7-9CA4-23B087F5DAE5}.Release|Any CPU.Build.0 = Release|Any CPU
		{DF50A301-86A8-4DE7-9CA4-23B087F5DAE5}.Release|x64.ActiveCfg = Release|Any CPU
		{DF50A301-86A8-4DE7-9CA4-23B087F5DAE5}.Release|x64.Build.0 = Release|Any CPU
		{DF50A301-86A8-4DE7-9CA4-23B087F5DAE5}.Release|x86.ActiveCfg = Release|Any CPU
		{DF50A301-86A8-4DE7-9CA4-23B087F5DAE5}.Release|x86.Build.0 = Release|Any CPU
		{2BBD5502-A603-43A1-B5E8-027D79097EED}.Debug|Any CPU.ActiveCfg = Debug|Any CPU
		{2BBD5502-A603-43A1-B5E8-027D79097EED}.Debug|Any CPU.Build.0 = Debug|Any CPU
		{2BBD5502-A603-43A1-B5E8-027D79097EED}.Debug|x64.ActiveCfg = Debug|Any CPU
		{2BBD5502-A603-43A1-B5E8-027D79097EED}.Debug|x64.Build.0 = Debug|Any CPU
		{2BBD5502-A603-43A1-B5E8-027D79097EED}.Debug|x86.ActiveCfg = Debug|Any CPU
		{2BBD5502-A603-43A1-B5E8-027D79097EED}.Debug|x86.Build.0 = Debug|Any CPU
		{2BBD5502-A603-43A1-B5E8-027D79097EED}.Release|Any CPU.ActiveCfg = Release|Any CPU
		{2BBD5502-A603-43A1-B5E8-027D79097EED}.Release|Any CPU.Build.0 = Release|Any CPU
		{2BBD5502-A603-43A1-B5E8-027D79097EED}.Release|x64.ActiveCfg = Release|Any CPU
		{2BBD5502-A603-43A1-B5E8-027D79097EED}.Release|x64.Build.0 = Release|Any CPU
		{2BBD5502-A603-43A1-B5E8-027D79097EED}.Release|x86.ActiveCfg = Release|Any CPU
		{2BBD5502-A603-43A1-B5E8-027D79097EED}.Release|x86.Build.0 = Release|Any CPU
	EndGlobalSection
	GlobalSection(SolutionProperties) = preSolution
		HideSolutionNode = FALSE
	EndGlobalSection
	GlobalSection(ExtensibilityGlobals) = postSolution
		SolutionGuid = {03D0EC8E-43B7-4E88-B9D2-0922F30A1FC0}
	EndGlobalSection
EndGlobal
